// !$*UTF8*$!
{
	archiveVersion = 1;
	classes = {
	};
	objectVersion = 56;
	objects = {

/* Begin PBXBuildFile section */
		EC7314A22C31AA820050B4A0 /* CloudKitchenApp.swift in Sources */ = {isa = PBXBuildFile; fileRef = EC7314A12C31AA820050B4A0 /* CloudKitchenApp.swift */; };
		EC7314A62C31AA830050B4A0 /* Assets.xcassets in Resources */ = {isa = PBXBuildFile; fileRef = EC7314A52C31AA830050B4A0 /* Assets.xcassets */; };
		EC7314A92C31AA830050B4A0 /* Preview Assets.xcassets in Resources */ = {isa = PBXBuildFile; fileRef = EC7314A82C31AA830050B4A0 /* Preview Assets.xcassets */; };
		EC7314B32C31AA830050B4A0 /* CloudKitchenTests.swift in Sources */ = {isa = PBXBuildFile; fileRef = EC7314B22C31AA830050B4A0 /* CloudKitchenTests.swift */; };
		EC7314BD2C31AA840050B4A0 /* CloudKitchenUITests.swift in Sources */ = {isa = PBXBuildFile; fileRef = EC7314BC2C31AA840050B4A0 /* CloudKitchenUITests.swift */; };
		EC7314BF2C31AA840050B4A0 /* CloudKitchenUITestsLaunchTests.swift in Sources */ = {isa = PBXBuildFile; fileRef = EC7314BE2C31AA840050B4A0 /* CloudKitchenUITestsLaunchTests.swift */; };
		EC7314CE2C31BD3F0050B4A0 /* WelcomeViewController.swift in Sources */ = {isa = PBXBuildFile; fileRef = EC7314CD2C31BD3F0050B4A0 /* WelcomeViewController.swift */; };
		EC7314D12C31BE750050B4A0 /* CloudButton.swift in Sources */ = {isa = PBXBuildFile; fileRef = EC7314D02C31BE750050B4A0 /* CloudButton.swift */; };
		EC7314D42C32F7850050B4A0 /* Constants.swift in Sources */ = {isa = PBXBuildFile; fileRef = EC7314D32C32F7850050B4A0 /* Constants.swift */; };
		EC7314D62C32FF410050B4A0 /* UserDefaultsUtility.swift in Sources */ = {isa = PBXBuildFile; fileRef = EC7314D52C32FF410050B4A0 /* UserDefaultsUtility.swift */; };
		EC7314D92C3302950050B4A0 /* APIHandler.swift in Sources */ = {isa = PBXBuildFile; fileRef = EC7314D82C3302950050B4A0 /* APIHandler.swift */; };
		EC7314DE2C342B140050B4A0 /* LoginView.swift in Sources */ = {isa = PBXBuildFile; fileRef = EC7314DD2C342B140050B4A0 /* LoginView.swift */; };
		EC7314E02C342B4F0050B4A0 /* LoginViewModel.swift in Sources */ = {isa = PBXBuildFile; fileRef = EC7314DF2C342B4F0050B4A0 /* LoginViewModel.swift */; };
		EC9813DD2C343E1B00E19F6D /* CloudTextField.swift in Sources */ = {isa = PBXBuildFile; fileRef = EC9813DC2C343E1B00E19F6D /* CloudTextField.swift */; };
		EC9813DF2C36285300E19F6D /* OTPVerificationScreen.swift in Sources */ = {isa = PBXBuildFile; fileRef = EC9813DE2C36285300E19F6D /* OTPVerificationScreen.swift */; };
		EC9813E12C362F2200E19F6D /* CloudLabel.swift in Sources */ = {isa = PBXBuildFile; fileRef = EC9813E02C362F2200E19F6D /* CloudLabel.swift */; };
		EC9813E52C371A3F00E19F6D /* OtpView-SwiftUI in Frameworks */ = {isa = PBXBuildFile; productRef = EC9813E42C371A3F00E19F6D /* OtpView-SwiftUI */; };
		EC9813E82C37D26300E19F6D /* UserModel.swift in Sources */ = {isa = PBXBuildFile; fileRef = EC9813E72C37D26300E19F6D /* UserModel.swift */; };
		EC9813EA2C37E40100E19F6D /* CloudKitchenUtility.swift in Sources */ = {isa = PBXBuildFile; fileRef = EC9813E92C37E40100E19F6D /* CloudKitchenUtility.swift */; };
		EC9813EE2C381C0A00E19F6D /* HomeView.swift in Sources */ = {isa = PBXBuildFile; fileRef = EC9813ED2C381C0A00E19F6D /* HomeView.swift */; };
		EC9813F12C38641500E19F6D /* AlertToast in Frameworks */ = {isa = PBXBuildFile; productRef = EC9813F02C38641500E19F6D /* AlertToast */; };
		EC9813F32C38711000E19F6D /* Extensions.swift in Sources */ = {isa = PBXBuildFile; fileRef = EC9813F22C38711000E19F6D /* Extensions.swift */; };
		EC9813F72C395E3700E19F6D /* KitchenModel.swift in Sources */ = {isa = PBXBuildFile; fileRef = EC9813F62C395E3700E19F6D /* KitchenModel.swift */; };
		EC9813F92C395E5F00E19F6D /* HomeViewModel.swift in Sources */ = {isa = PBXBuildFile; fileRef = EC9813F82C395E5F00E19F6D /* HomeViewModel.swift */; };
		EC9813FB2C3A786B00E19F6D /* KitchenCellView.swift in Sources */ = {isa = PBXBuildFile; fileRef = EC9813FA2C3A786B00E19F6D /* KitchenCellView.swift */; };
		EC9C3F892C3D48600027D2A8 /* MainTabView.swift in Sources */ = {isa = PBXBuildFile; fileRef = EC9C3F882C3D48600027D2A8 /* MainTabView.swift */; };
		EC9C3F8B2C3D63F80027D2A8 /* CloudLocationManager.swift in Sources */ = {isa = PBXBuildFile; fileRef = EC9C3F8A2C3D63F80027D2A8 /* CloudLocationManager.swift */; };
		EC9C3F952C3E98EA0027D2A8 /* KitchenDetailsView.swift in Sources */ = {isa = PBXBuildFile; fileRef = EC9C3F942C3E98EA0027D2A8 /* KitchenDetailsView.swift */; };
		EC9C3F972C3E99290027D2A8 /* KitchenDetailsViewModel.swift in Sources */ = {isa = PBXBuildFile; fileRef = EC9C3F962C3E99290027D2A8 /* KitchenDetailsViewModel.swift */; };
/* End PBXBuildFile section */

/* Begin PBXContainerItemProxy section */
		EC7314AF2C31AA830050B4A0 /* PBXContainerItemProxy */ = {
			isa = PBXContainerItemProxy;
			containerPortal = EC7314962C31AA820050B4A0 /* Project object */;
			proxyType = 1;
			remoteGlobalIDString = EC73149D2C31AA820050B4A0;
			remoteInfo = CloudKitchen;
		};
		EC7314B92C31AA830050B4A0 /* PBXContainerItemProxy */ = {
			isa = PBXContainerItemProxy;
			containerPortal = EC7314962C31AA820050B4A0 /* Project object */;
			proxyType = 1;
			remoteGlobalIDString = EC73149D2C31AA820050B4A0;
			remoteInfo = CloudKitchen;
		};
/* End PBXContainerItemProxy section */

/* Begin PBXFileReference section */
		EC73149E2C31AA820050B4A0 /* CloudKitchen.app */ = {isa = PBXFileReference; explicitFileType = wrapper.application; includeInIndex = 0; path = CloudKitchen.app; sourceTree = BUILT_PRODUCTS_DIR; };
		EC7314A12C31AA820050B4A0 /* CloudKitchenApp.swift */ = {isa = PBXFileReference; lastKnownFileType = sourcecode.swift; path = CloudKitchenApp.swift; sourceTree = "<group>"; };
		EC7314A52C31AA830050B4A0 /* Assets.xcassets */ = {isa = PBXFileReference; lastKnownFileType = folder.assetcatalog; path = Assets.xcassets; sourceTree = "<group>"; };
		EC7314A82C31AA830050B4A0 /* Preview Assets.xcassets */ = {isa = PBXFileReference; lastKnownFileType = folder.assetcatalog; path = "Preview Assets.xcassets"; sourceTree = "<group>"; };
		EC7314AE2C31AA830050B4A0 /* CloudKitchenTests.xctest */ = {isa = PBXFileReference; explicitFileType = wrapper.cfbundle; includeInIndex = 0; path = CloudKitchenTests.xctest; sourceTree = BUILT_PRODUCTS_DIR; };
		EC7314B22C31AA830050B4A0 /* CloudKitchenTests.swift */ = {isa = PBXFileReference; lastKnownFileType = sourcecode.swift; path = CloudKitchenTests.swift; sourceTree = "<group>"; };
		EC7314B82C31AA830050B4A0 /* CloudKitchenUITests.xctest */ = {isa = PBXFileReference; explicitFileType = wrapper.cfbundle; includeInIndex = 0; path = CloudKitchenUITests.xctest; sourceTree = BUILT_PRODUCTS_DIR; };
		EC7314BC2C31AA840050B4A0 /* CloudKitchenUITests.swift */ = {isa = PBXFileReference; lastKnownFileType = sourcecode.swift; path = CloudKitchenUITests.swift; sourceTree = "<group>"; };
		EC7314BE2C31AA840050B4A0 /* CloudKitchenUITestsLaunchTests.swift */ = {isa = PBXFileReference; lastKnownFileType = sourcecode.swift; path = CloudKitchenUITestsLaunchTests.swift; sourceTree = "<group>"; };
		EC7314CD2C31BD3F0050B4A0 /* WelcomeViewController.swift */ = {isa = PBXFileReference; lastKnownFileType = sourcecode.swift; path = WelcomeViewController.swift; sourceTree = "<group>"; };
		EC7314D02C31BE750050B4A0 /* CloudButton.swift */ = {isa = PBXFileReference; lastKnownFileType = sourcecode.swift; path = CloudButton.swift; sourceTree = "<group>"; };
		EC7314D32C32F7850050B4A0 /* Constants.swift */ = {isa = PBXFileReference; lastKnownFileType = sourcecode.swift; path = Constants.swift; sourceTree = "<group>"; };
		EC7314D52C32FF410050B4A0 /* UserDefaultsUtility.swift */ = {isa = PBXFileReference; lastKnownFileType = sourcecode.swift; path = UserDefaultsUtility.swift; sourceTree = "<group>"; };
		EC7314D82C3302950050B4A0 /* APIHandler.swift */ = {isa = PBXFileReference; lastKnownFileType = sourcecode.swift; path = APIHandler.swift; sourceTree = "<group>"; };
		EC7314DD2C342B140050B4A0 /* LoginView.swift */ = {isa = PBXFileReference; lastKnownFileType = sourcecode.swift; path = LoginView.swift; sourceTree = "<group>"; };
		EC7314DF2C342B4F0050B4A0 /* LoginViewModel.swift */ = {isa = PBXFileReference; lastKnownFileType = sourcecode.swift; path = LoginViewModel.swift; sourceTree = "<group>"; };
		EC9813DC2C343E1B00E19F6D /* CloudTextField.swift */ = {isa = PBXFileReference; lastKnownFileType = sourcecode.swift; path = CloudTextField.swift; sourceTree = "<group>"; };
		EC9813DE2C36285300E19F6D /* OTPVerificationScreen.swift */ = {isa = PBXFileReference; lastKnownFileType = sourcecode.swift; path = OTPVerificationScreen.swift; sourceTree = "<group>"; };
		EC9813E02C362F2200E19F6D /* CloudLabel.swift */ = {isa = PBXFileReference; lastKnownFileType = sourcecode.swift; path = CloudLabel.swift; sourceTree = "<group>"; };
		EC9813E72C37D26300E19F6D /* UserModel.swift */ = {isa = PBXFileReference; lastKnownFileType = sourcecode.swift; path = UserModel.swift; sourceTree = "<group>"; };
		EC9813E92C37E40100E19F6D /* CloudKitchenUtility.swift */ = {isa = PBXFileReference; lastKnownFileType = sourcecode.swift; path = CloudKitchenUtility.swift; sourceTree = "<group>"; };
		EC9813ED2C381C0A00E19F6D /* HomeView.swift */ = {isa = PBXFileReference; lastKnownFileType = sourcecode.swift; path = HomeView.swift; sourceTree = "<group>"; };
		EC9813F22C38711000E19F6D /* Extensions.swift */ = {isa = PBXFileReference; lastKnownFileType = sourcecode.swift; path = Extensions.swift; sourceTree = "<group>"; };
		EC9813F62C395E3700E19F6D /* KitchenModel.swift */ = {isa = PBXFileReference; lastKnownFileType = sourcecode.swift; path = KitchenModel.swift; sourceTree = "<group>"; };
		EC9813F82C395E5F00E19F6D /* HomeViewModel.swift */ = {isa = PBXFileReference; lastKnownFileType = sourcecode.swift; path = HomeViewModel.swift; sourceTree = "<group>"; };
		EC9813FA2C3A786B00E19F6D /* KitchenCellView.swift */ = {isa = PBXFileReference; lastKnownFileType = sourcecode.swift; path = KitchenCellView.swift; sourceTree = "<group>"; };
		EC9C3F862C3D1F700027D2A8 /* Info.plist */ = {isa = PBXFileReference; lastKnownFileType = text.plist; path = Info.plist; sourceTree = "<group>"; };
		EC9C3F882C3D48600027D2A8 /* MainTabView.swift */ = {isa = PBXFileReference; lastKnownFileType = sourcecode.swift; path = MainTabView.swift; sourceTree = "<group>"; };
		EC9C3F8A2C3D63F80027D2A8 /* CloudLocationManager.swift */ = {isa = PBXFileReference; lastKnownFileType = sourcecode.swift; path = CloudLocationManager.swift; sourceTree = "<group>"; };
		EC9C3F942C3E98EA0027D2A8 /* KitchenDetailsView.swift */ = {isa = PBXFileReference; lastKnownFileType = sourcecode.swift; path = KitchenDetailsView.swift; sourceTree = "<group>"; };
		EC9C3F962C3E99290027D2A8 /* KitchenDetailsViewModel.swift */ = {isa = PBXFileReference; lastKnownFileType = sourcecode.swift; path = KitchenDetailsViewModel.swift; sourceTree = "<group>"; };
/* End PBXFileReference section */

/* Begin PBXFrameworksBuildPhase section */
		EC73149B2C31AA820050B4A0 /* Frameworks */ = {
			isa = PBXFrameworksBuildPhase;
			buildActionMask = 2147483647;
			files = (
				EC9813E52C371A3F00E19F6D /* OtpView-SwiftUI in Frameworks */,
				EC9813F12C38641500E19F6D /* AlertToast in Frameworks */,
			);
			runOnlyForDeploymentPostprocessing = 0;
		};
		EC7314AB2C31AA830050B4A0 /* Frameworks */ = {
			isa = PBXFrameworksBuildPhase;
			buildActionMask = 2147483647;
			files = (
			);
			runOnlyForDeploymentPostprocessing = 0;
		};
		EC7314B52C31AA830050B4A0 /* Frameworks */ = {
			isa = PBXFrameworksBuildPhase;
			buildActionMask = 2147483647;
			files = (
			);
			runOnlyForDeploymentPostprocessing = 0;
		};
/* End PBXFrameworksBuildPhase section */

/* Begin PBXGroup section */
		EC7314952C31AA820050B4A0 = {
			isa = PBXGroup;
			children = (
				EC7314A02C31AA820050B4A0 /* CloudKitchen */,
				EC7314B12C31AA830050B4A0 /* CloudKitchenTests */,
				EC7314BB2C31AA830050B4A0 /* CloudKitchenUITests */,
				EC73149F2C31AA820050B4A0 /* Products */,
				EC9813E32C371A3F00E19F6D /* Frameworks */,
			);
			sourceTree = "<group>";
		};
		EC73149F2C31AA820050B4A0 /* Products */ = {
			isa = PBXGroup;
			children = (
				EC73149E2C31AA820050B4A0 /* CloudKitchen.app */,
				EC7314AE2C31AA830050B4A0 /* CloudKitchenTests.xctest */,
				EC7314B82C31AA830050B4A0 /* CloudKitchenUITests.xctest */,
			);
			name = Products;
			sourceTree = "<group>";
		};
		EC7314A02C31AA820050B4A0 /* CloudKitchen */ = {
			isa = PBXGroup;
			children = (
				EC7314A12C31AA820050B4A0 /* CloudKitchenApp.swift */,
				EC7314D72C33027D0050B4A0 /* Network */,
				EC7314D22C32F76F0050B4A0 /* Utility */,
				EC7314CF2C31BDCA0050B4A0 /* Components */,
				EC7314CB2C31BCB00050B4A0 /* Modules */,
				EC7314A52C31AA830050B4A0 /* Assets.xcassets */,
				EC7314A72C31AA830050B4A0 /* Preview Content */,
			);
			path = CloudKitchen;
			sourceTree = "<group>";
		};
		EC7314A72C31AA830050B4A0 /* Preview Content */ = {
			isa = PBXGroup;
			children = (
				EC7314A82C31AA830050B4A0 /* Preview Assets.xcassets */,
			);
			path = "Preview Content";
			sourceTree = "<group>";
		};
		EC7314B12C31AA830050B4A0 /* CloudKitchenTests */ = {
			isa = PBXGroup;
			children = (
				EC9C3F862C3D1F700027D2A8 /* Info.plist */,
				EC7314B22C31AA830050B4A0 /* CloudKitchenTests.swift */,
			);
			path = CloudKitchenTests;
			sourceTree = "<group>";
		};
		EC7314BB2C31AA830050B4A0 /* CloudKitchenUITests */ = {
			isa = PBXGroup;
			children = (
				EC7314BC2C31AA840050B4A0 /* CloudKitchenUITests.swift */,
				EC7314BE2C31AA840050B4A0 /* CloudKitchenUITestsLaunchTests.swift */,
			);
			path = CloudKitchenUITests;
			sourceTree = "<group>";
		};
		EC7314CB2C31BCB00050B4A0 /* Modules */ = {
			isa = PBXGroup;
			children = (
				EC9C3F912C3E98B10027D2A8 /* KitchenDetailsModule */,
				EC9C3F872C3D48450027D2A8 /* MainTabView */,
				EC9813EB2C381BA900E19F6D /* HomeModule */,
				EC7314DA2C342AB30050B4A0 /* LoginModule */,
				EC7314CC2C31BCBF0050B4A0 /* WelcomeModule */,
			);
			path = Modules;
			sourceTree = "<group>";
		};
		EC7314CC2C31BCBF0050B4A0 /* WelcomeModule */ = {
			isa = PBXGroup;
			children = (
				EC7314CD2C31BD3F0050B4A0 /* WelcomeViewController.swift */,
			);
			path = WelcomeModule;
			sourceTree = "<group>";
		};
		EC7314CF2C31BDCA0050B4A0 /* Components */ = {
			isa = PBXGroup;
			children = (
				EC7314D02C31BE750050B4A0 /* CloudButton.swift */,
				EC9813DC2C343E1B00E19F6D /* CloudTextField.swift */,
				EC9813E02C362F2200E19F6D /* CloudLabel.swift */,
				EC9813F22C38711000E19F6D /* Extensions.swift */,
			);
			path = Components;
			sourceTree = "<group>";
		};
		EC7314D22C32F76F0050B4A0 /* Utility */ = {
			isa = PBXGroup;
			children = (
				EC7314D32C32F7850050B4A0 /* Constants.swift */,
				EC7314D52C32FF410050B4A0 /* UserDefaultsUtility.swift */,
				EC9813E92C37E40100E19F6D /* CloudKitchenUtility.swift */,
				EC9C3F8A2C3D63F80027D2A8 /* CloudLocationManager.swift */,
			);
			path = Utility;
			sourceTree = "<group>";
		};
		EC7314D72C33027D0050B4A0 /* Network */ = {
			isa = PBXGroup;
			children = (
				EC7314D82C3302950050B4A0 /* APIHandler.swift */,
			);
			path = Network;
			sourceTree = "<group>";
		};
		EC7314DA2C342AB30050B4A0 /* LoginModule */ = {
			isa = PBXGroup;
			children = (
				EC9813E62C37D25000E19F6D /* Model */,
				EC7314DC2C342AC60050B4A0 /* ViewModel */,
				EC7314DB2C342ABC0050B4A0 /* Views */,
			);
			path = LoginModule;
			sourceTree = "<group>";
		};
		EC7314DB2C342ABC0050B4A0 /* Views */ = {
			isa = PBXGroup;
			children = (
				EC7314DD2C342B140050B4A0 /* LoginView.swift */,
				EC9813DE2C36285300E19F6D /* OTPVerificationScreen.swift */,
			);
			path = Views;
			sourceTree = "<group>";
		};
		EC7314DC2C342AC60050B4A0 /* ViewModel */ = {
			isa = PBXGroup;
			children = (
				EC7314DF2C342B4F0050B4A0 /* LoginViewModel.swift */,
			);
			path = ViewModel;
			sourceTree = "<group>";
		};
		EC9813E32C371A3F00E19F6D /* Frameworks */ = {
			isa = PBXGroup;
			children = (
			);
			name = Frameworks;
			sourceTree = "<group>";
		};
		EC9813E62C37D25000E19F6D /* Model */ = {
			isa = PBXGroup;
			children = (
				EC9813E72C37D26300E19F6D /* UserModel.swift */,
			);
			path = Model;
			sourceTree = "<group>";
		};
		EC9813EB2C381BA900E19F6D /* HomeModule */ = {
			isa = PBXGroup;
			children = (
				EC9813F52C395E1C00E19F6D /* Model */,
				EC9813F42C395E0E00E19F6D /* ViewModel */,
				EC9813EC2C381BE500E19F6D /* View */,
			);
			path = HomeModule;
			sourceTree = "<group>";
		};
		EC9813EC2C381BE500E19F6D /* View */ = {
			isa = PBXGroup;
			children = (
				EC9813ED2C381C0A00E19F6D /* HomeView.swift */,
				EC9813FA2C3A786B00E19F6D /* KitchenCellView.swift */,
			);
			path = View;
			sourceTree = "<group>";
		};
		EC9813F42C395E0E00E19F6D /* ViewModel */ = {
			isa = PBXGroup;
			children = (
				EC9813F82C395E5F00E19F6D /* HomeViewModel.swift */,
			);
			path = ViewModel;
			sourceTree = "<group>";
		};
		EC9813F52C395E1C00E19F6D /* Model */ = {
			isa = PBXGroup;
			children = (
				EC9813F62C395E3700E19F6D /* KitchenModel.swift */,
			);
			path = Model;
			sourceTree = "<group>";
		};
		EC9C3F872C3D48450027D2A8 /* MainTabView */ = {
			isa = PBXGroup;
			children = (
				EC9C3F882C3D48600027D2A8 /* MainTabView.swift */,
			);
			path = MainTabView;
			sourceTree = "<group>";
		};
		EC9C3F912C3E98B10027D2A8 /* KitchenDetailsModule */ = {
			isa = PBXGroup;
			children = (
				EC9C3F932C3E98CB0027D2A8 /* ViewModel */,
				EC9C3F922C3E98C60027D2A8 /* View */,
			);
			path = KitchenDetailsModule;
			sourceTree = "<group>";
		};
		EC9C3F922C3E98C60027D2A8 /* View */ = {
			isa = PBXGroup;
			children = (
				EC9C3F942C3E98EA0027D2A8 /* KitchenDetailsView.swift */,
			);
			path = View;
			sourceTree = "<group>";
		};
		EC9C3F932C3E98CB0027D2A8 /* ViewModel */ = {
			isa = PBXGroup;
			children = (
				EC9C3F962C3E99290027D2A8 /* KitchenDetailsViewModel.swift */,
			);
			path = ViewModel;
			sourceTree = "<group>";
		};
/* End PBXGroup section */

/* Begin PBXNativeTarget section */
		EC73149D2C31AA820050B4A0 /* CloudKitchen */ = {
			isa = PBXNativeTarget;
			buildConfigurationList = EC7314C22C31AA840050B4A0 /* Build configuration list for PBXNativeTarget "CloudKitchen" */;
			buildPhases = (
				EC73149A2C31AA820050B4A0 /* Sources */,
				EC73149B2C31AA820050B4A0 /* Frameworks */,
				EC73149C2C31AA820050B4A0 /* Resources */,
			);
			buildRules = (
			);
			dependencies = (
			);
			name = CloudKitchen;
			packageProductDependencies = (
				EC9813E42C371A3F00E19F6D /* OtpView-SwiftUI */,
				EC9813F02C38641500E19F6D /* AlertToast */,
			);
			productName = CloudKitchen;
			productReference = EC73149E2C31AA820050B4A0 /* CloudKitchen.app */;
			productType = "com.apple.product-type.application";
		};
		EC7314AD2C31AA830050B4A0 /* CloudKitchenTests */ = {
			isa = PBXNativeTarget;
			buildConfigurationList = EC7314C52C31AA840050B4A0 /* Build configuration list for PBXNativeTarget "CloudKitchenTests" */;
			buildPhases = (
				EC7314AA2C31AA830050B4A0 /* Sources */,
				EC7314AB2C31AA830050B4A0 /* Frameworks */,
				EC7314AC2C31AA830050B4A0 /* Resources */,
			);
			buildRules = (
			);
			dependencies = (
				EC7314B02C31AA830050B4A0 /* PBXTargetDependency */,
			);
			name = CloudKitchenTests;
			productName = CloudKitchenTests;
			productReference = EC7314AE2C31AA830050B4A0 /* CloudKitchenTests.xctest */;
			productType = "com.apple.product-type.bundle.unit-test";
		};
		EC7314B72C31AA830050B4A0 /* CloudKitchenUITests */ = {
			isa = PBXNativeTarget;
			buildConfigurationList = EC7314C82C31AA840050B4A0 /* Build configuration list for PBXNativeTarget "CloudKitchenUITests" */;
			buildPhases = (
				EC7314B42C31AA830050B4A0 /* Sources */,
				EC7314B52C31AA830050B4A0 /* Frameworks */,
				EC7314B62C31AA830050B4A0 /* Resources */,
			);
			buildRules = (
			);
			dependencies = (
				EC7314BA2C31AA830050B4A0 /* PBXTargetDependency */,
			);
			name = CloudKitchenUITests;
			productName = CloudKitchenUITests;
			productReference = EC7314B82C31AA830050B4A0 /* CloudKitchenUITests.xctest */;
			productType = "com.apple.product-type.bundle.ui-testing";
		};
/* End PBXNativeTarget section */

/* Begin PBXProject section */
		EC7314962C31AA820050B4A0 /* Project object */ = {
			isa = PBXProject;
			attributes = {
				BuildIndependentTargetsInParallel = 1;
				LastSwiftUpdateCheck = 1530;
				LastUpgradeCheck = 1530;
				TargetAttributes = {
					EC73149D2C31AA820050B4A0 = {
						CreatedOnToolsVersion = 15.3;
					};
					EC7314AD2C31AA830050B4A0 = {
						CreatedOnToolsVersion = 15.3;
						TestTargetID = EC73149D2C31AA820050B4A0;
					};
					EC7314B72C31AA830050B4A0 = {
						CreatedOnToolsVersion = 15.3;
						TestTargetID = EC73149D2C31AA820050B4A0;
					};
				};
			};
			buildConfigurationList = EC7314992C31AA820050B4A0 /* Build configuration list for PBXProject "CloudKitchen" */;
			compatibilityVersion = "Xcode 14.0";
			developmentRegion = en;
			hasScannedForEncodings = 0;
			knownRegions = (
				en,
				Base,
			);
			mainGroup = EC7314952C31AA820050B4A0;
			packageReferences = (
				EC9813E22C3719A400E19F6D /* XCRemoteSwiftPackageReference "OtpView-SwiftUI" */,
				EC9813EF2C38641500E19F6D /* XCRemoteSwiftPackageReference "AlertToast" */,
			);
			productRefGroup = EC73149F2C31AA820050B4A0 /* Products */;
			projectDirPath = "";
			projectRoot = "";
			targets = (
				EC73149D2C31AA820050B4A0 /* CloudKitchen */,
				EC7314AD2C31AA830050B4A0 /* CloudKitchenTests */,
				EC7314B72C31AA830050B4A0 /* CloudKitchenUITests */,
			);
		};
/* End PBXProject section */

/* Begin PBXResourcesBuildPhase section */
		EC73149C2C31AA820050B4A0 /* Resources */ = {
			isa = PBXResourcesBuildPhase;
			buildActionMask = 2147483647;
			files = (
				EC7314A92C31AA830050B4A0 /* Preview Assets.xcassets in Resources */,
				EC7314A62C31AA830050B4A0 /* Assets.xcassets in Resources */,
			);
			runOnlyForDeploymentPostprocessing = 0;
		};
		EC7314AC2C31AA830050B4A0 /* Resources */ = {
			isa = PBXResourcesBuildPhase;
			buildActionMask = 2147483647;
			files = (
			);
			runOnlyForDeploymentPostprocessing = 0;
		};
		EC7314B62C31AA830050B4A0 /* Resources */ = {
			isa = PBXResourcesBuildPhase;
			buildActionMask = 2147483647;
			files = (
			);
			runOnlyForDeploymentPostprocessing = 0;
		};
/* End PBXResourcesBuildPhase section */

/* Begin PBXSourcesBuildPhase section */
		EC73149A2C31AA820050B4A0 /* Sources */ = {
			isa = PBXSourcesBuildPhase;
			buildActionMask = 2147483647;
			files = (
				EC9813F92C395E5F00E19F6D /* HomeViewModel.swift in Sources */,
				EC9813EA2C37E40100E19F6D /* CloudKitchenUtility.swift in Sources */,
				EC9C3F972C3E99290027D2A8 /* KitchenDetailsViewModel.swift in Sources */,
				EC9813EE2C381C0A00E19F6D /* HomeView.swift in Sources */,
				EC9813DF2C36285300E19F6D /* OTPVerificationScreen.swift in Sources */,
				EC7314D42C32F7850050B4A0 /* Constants.swift in Sources */,
				EC9C3F892C3D48600027D2A8 /* MainTabView.swift in Sources */,
				EC9813F72C395E3700E19F6D /* KitchenModel.swift in Sources */,
				EC7314DE2C342B140050B4A0 /* LoginView.swift in Sources */,
				EC9813FB2C3A786B00E19F6D /* KitchenCellView.swift in Sources */,
				EC7314D62C32FF410050B4A0 /* UserDefaultsUtility.swift in Sources */,
				EC7314CE2C31BD3F0050B4A0 /* WelcomeViewController.swift in Sources */,
				EC7314E02C342B4F0050B4A0 /* LoginViewModel.swift in Sources */,
				EC9C3F8B2C3D63F80027D2A8 /* CloudLocationManager.swift in Sources */,
				EC7314D92C3302950050B4A0 /* APIHandler.swift in Sources */,
				EC9813DD2C343E1B00E19F6D /* CloudTextField.swift in Sources */,
				EC9813F32C38711000E19F6D /* Extensions.swift in Sources */,
				EC9C3F952C3E98EA0027D2A8 /* KitchenDetailsView.swift in Sources */,
				EC9813E12C362F2200E19F6D /* CloudLabel.swift in Sources */,
				EC7314A22C31AA820050B4A0 /* CloudKitchenApp.swift in Sources */,
				EC9813E82C37D26300E19F6D /* UserModel.swift in Sources */,
				EC7314D12C31BE750050B4A0 /* CloudButton.swift in Sources */,
			);
			runOnlyForDeploymentPostprocessing = 0;
		};
		EC7314AA2C31AA830050B4A0 /* Sources */ = {
			isa = PBXSourcesBuildPhase;
			buildActionMask = 2147483647;
			files = (
				EC7314B32C31AA830050B4A0 /* CloudKitchenTests.swift in Sources */,
			);
			runOnlyForDeploymentPostprocessing = 0;
		};
		EC7314B42C31AA830050B4A0 /* Sources */ = {
			isa = PBXSourcesBuildPhase;
			buildActionMask = 2147483647;
			files = (
				EC7314BD2C31AA840050B4A0 /* CloudKitchenUITests.swift in Sources */,
				EC7314BF2C31AA840050B4A0 /* CloudKitchenUITestsLaunchTests.swift in Sources */,
			);
			runOnlyForDeploymentPostprocessing = 0;
		};
/* End PBXSourcesBuildPhase section */

/* Begin PBXTargetDependency section */
		EC7314B02C31AA830050B4A0 /* PBXTargetDependency */ = {
			isa = PBXTargetDependency;
			target = EC73149D2C31AA820050B4A0 /* CloudKitchen */;
			targetProxy = EC7314AF2C31AA830050B4A0 /* PBXContainerItemProxy */;
		};
		EC7314BA2C31AA830050B4A0 /* PBXTargetDependency */ = {
			isa = PBXTargetDependency;
			target = EC73149D2C31AA820050B4A0 /* CloudKitchen */;
			targetProxy = EC7314B92C31AA830050B4A0 /* PBXContainerItemProxy */;
		};
/* End PBXTargetDependency section */

/* Begin XCBuildConfiguration section */
		EC7314C02C31AA840050B4A0 /* Debug */ = {
			isa = XCBuildConfiguration;
			buildSettings = {
				ALWAYS_SEARCH_USER_PATHS = NO;
				ASSETCATALOG_COMPILER_GENERATE_SWIFT_ASSET_SYMBOL_EXTENSIONS = YES;
				CLANG_ANALYZER_NONNULL = YES;
				CLANG_ANALYZER_NUMBER_OBJECT_CONVERSION = YES_AGGRESSIVE;
				CLANG_CXX_LANGUAGE_STANDARD = "gnu++20";
				CLANG_ENABLE_MODULES = YES;
				CLANG_ENABLE_OBJC_ARC = YES;
				CLANG_ENABLE_OBJC_WEAK = YES;
				CLANG_WARN_BLOCK_CAPTURE_AUTORELEASING = YES;
				CLANG_WARN_BOOL_CONVERSION = YES;
				CLANG_WARN_COMMA = YES;
				CLANG_WARN_CONSTANT_CONVERSION = YES;
				CLANG_WARN_DEPRECATED_OBJC_IMPLEMENTATIONS = YES;
				CLANG_WARN_DIRECT_OBJC_ISA_USAGE = YES_ERROR;
				CLANG_WARN_DOCUMENTATION_COMMENTS = YES;
				CLANG_WARN_EMPTY_BODY = YES;
				CLANG_WARN_ENUM_CONVERSION = YES;
				CLANG_WARN_INFINITE_RECURSION = YES;
				CLANG_WARN_INT_CONVERSION = YES;
				CLANG_WARN_NON_LITERAL_NULL_CONVERSION = YES;
				CLANG_WARN_OBJC_IMPLICIT_RETAIN_SELF = YES;
				CLANG_WARN_OBJC_LITERAL_CONVERSION = YES;
				CLANG_WARN_OBJC_ROOT_CLASS = YES_ERROR;
				CLANG_WARN_QUOTED_INCLUDE_IN_FRAMEWORK_HEADER = YES;
				CLANG_WARN_RANGE_LOOP_ANALYSIS = YES;
				CLANG_WARN_STRICT_PROTOTYPES = YES;
				CLANG_WARN_SUSPICIOUS_MOVE = YES;
				CLANG_WARN_UNGUARDED_AVAILABILITY = YES_AGGRESSIVE;
				CLANG_WARN_UNREACHABLE_CODE = YES;
				CLANG_WARN__DUPLICATE_METHOD_MATCH = YES;
				COPY_PHASE_STRIP = NO;
				DEBUG_INFORMATION_FORMAT = dwarf;
				ENABLE_STRICT_OBJC_MSGSEND = YES;
				ENABLE_TESTABILITY = YES;
				ENABLE_USER_SCRIPT_SANDBOXING = YES;
				GCC_C_LANGUAGE_STANDARD = gnu17;
				GCC_DYNAMIC_NO_PIC = NO;
				GCC_NO_COMMON_BLOCKS = YES;
				GCC_OPTIMIZATION_LEVEL = 0;
				GCC_PREPROCESSOR_DEFINITIONS = (
					"DEBUG=1",
					"$(inherited)",
				);
				GCC_WARN_64_TO_32_BIT_CONVERSION = YES;
				GCC_WARN_ABOUT_RETURN_TYPE = YES_ERROR;
				GCC_WARN_UNDECLARED_SELECTOR = YES;
				GCC_WARN_UNINITIALIZED_AUTOS = YES_AGGRESSIVE;
				GCC_WARN_UNUSED_FUNCTION = YES;
				GCC_WARN_UNUSED_VARIABLE = YES;
				IPHONEOS_DEPLOYMENT_TARGET = 17.4;
				LOCALIZATION_PREFERS_STRING_CATALOGS = YES;
				MTL_ENABLE_DEBUG_INFO = INCLUDE_SOURCE;
				MTL_FAST_MATH = YES;
				ONLY_ACTIVE_ARCH = YES;
				SDKROOT = iphoneos;
				SWIFT_ACTIVE_COMPILATION_CONDITIONS = "DEBUG $(inherited)";
				SWIFT_OPTIMIZATION_LEVEL = "-Onone";
			};
			name = Debug;
		};
		EC7314C12C31AA840050B4A0 /* Release */ = {
			isa = XCBuildConfiguration;
			buildSettings = {
				ALWAYS_SEARCH_USER_PATHS = NO;
				ASSETCATALOG_COMPILER_GENERATE_SWIFT_ASSET_SYMBOL_EXTENSIONS = YES;
				CLANG_ANALYZER_NONNULL = YES;
				CLANG_ANALYZER_NUMBER_OBJECT_CONVERSION = YES_AGGRESSIVE;
				CLANG_CXX_LANGUAGE_STANDARD = "gnu++20";
				CLANG_ENABLE_MODULES = YES;
				CLANG_ENABLE_OBJC_ARC = YES;
				CLANG_ENABLE_OBJC_WEAK = YES;
				CLANG_WARN_BLOCK_CAPTURE_AUTORELEASING = YES;
				CLANG_WARN_BOOL_CONVERSION = YES;
				CLANG_WARN_COMMA = YES;
				CLANG_WARN_CONSTANT_CONVERSION = YES;
				CLANG_WARN_DEPRECATED_OBJC_IMPLEMENTATIONS = YES;
				CLANG_WARN_DIRECT_OBJC_ISA_USAGE = YES_ERROR;
				CLANG_WARN_DOCUMENTATION_COMMENTS = YES;
				CLANG_WARN_EMPTY_BODY = YES;
				CLANG_WARN_ENUM_CONVERSION = YES;
				CLANG_WARN_INFINITE_RECURSION = YES;
				CLANG_WARN_INT_CONVERSION = YES;
				CLANG_WARN_NON_LITERAL_NULL_CONVERSION = YES;
				CLANG_WARN_OBJC_IMPLICIT_RETAIN_SELF = YES;
				CLANG_WARN_OBJC_LITERAL_CONVERSION = YES;
				CLANG_WARN_OBJC_ROOT_CLASS = YES_ERROR;
				CLANG_WARN_QUOTED_INCLUDE_IN_FRAMEWORK_HEADER = YES;
				CLANG_WARN_RANGE_LOOP_ANALYSIS = YES;
				CLANG_WARN_STRICT_PROTOTYPES = YES;
				CLANG_WARN_SUSPICIOUS_MOVE = YES;
				CLANG_WARN_UNGUARDED_AVAILABILITY = YES_AGGRESSIVE;
				CLANG_WARN_UNREACHABLE_CODE = YES;
				CLANG_WARN__DUPLICATE_METHOD_MATCH = YES;
				COPY_PHASE_STRIP = NO;
				DEBUG_INFORMATION_FORMAT = "dwarf-with-dsym";
				ENABLE_NS_ASSERTIONS = NO;
				ENABLE_STRICT_OBJC_MSGSEND = YES;
				ENABLE_USER_SCRIPT_SANDBOXING = YES;
				GCC_C_LANGUAGE_STANDARD = gnu17;
				GCC_NO_COMMON_BLOCKS = YES;
				GCC_WARN_64_TO_32_BIT_CONVERSION = YES;
				GCC_WARN_ABOUT_RETURN_TYPE = YES_ERROR;
				GCC_WARN_UNDECLARED_SELECTOR = YES;
				GCC_WARN_UNINITIALIZED_AUTOS = YES_AGGRESSIVE;
				GCC_WARN_UNUSED_FUNCTION = YES;
				GCC_WARN_UNUSED_VARIABLE = YES;
				IPHONEOS_DEPLOYMENT_TARGET = 17.4;
				LOCALIZATION_PREFERS_STRING_CATALOGS = YES;
				MTL_ENABLE_DEBUG_INFO = NO;
				MTL_FAST_MATH = YES;
				SDKROOT = iphoneos;
				SWIFT_COMPILATION_MODE = wholemodule;
				VALIDATE_PRODUCT = YES;
			};
			name = Release;
		};
		EC7314C32C31AA840050B4A0 /* Debug */ = {
			isa = XCBuildConfiguration;
			buildSettings = {
				ASSETCATALOG_COMPILER_APPICON_NAME = AppIcon;
				ASSETCATALOG_COMPILER_GLOBAL_ACCENT_COLOR_NAME = AccentColor;
				CODE_SIGN_STYLE = Automatic;
				CURRENT_PROJECT_VERSION = 1;
				DEVELOPMENT_ASSET_PATHS = "\"CloudKitchen/Preview Content\"";
				ENABLE_PREVIEWS = YES;
				GENERATE_INFOPLIST_FILE = YES;
				INFOPLIST_KEY_UIApplicationSceneManifest_Generation = YES;
				INFOPLIST_KEY_UIApplicationSupportsIndirectInputEvents = YES;
				INFOPLIST_KEY_UILaunchScreen_Generation = YES;
				INFOPLIST_KEY_UISupportedInterfaceOrientations = UIInterfaceOrientationPortrait;
				LD_RUNPATH_SEARCH_PATHS = (
					"$(inherited)",
					"@executable_path/Frameworks",
				);
				MARKETING_VERSION = 1.0;
				PRODUCT_BUNDLE_IDENTIFIER = freelance.CloudKitchen;
				PRODUCT_NAME = "$(TARGET_NAME)";
				SWIFT_EMIT_LOC_STRINGS = YES;
				SWIFT_VERSION = 5.0;
				TARGETED_DEVICE_FAMILY = "1,2";
			};
			name = Debug;
		};
		EC7314C42C31AA840050B4A0 /* Release */ = {
			isa = XCBuildConfiguration;
			buildSettings = {
				ASSETCATALOG_COMPILER_APPICON_NAME = AppIcon;
				ASSETCATALOG_COMPILER_GLOBAL_ACCENT_COLOR_NAME = AccentColor;
				CODE_SIGN_STYLE = Automatic;
				CURRENT_PROJECT_VERSION = 1;
				DEVELOPMENT_ASSET_PATHS = "\"CloudKitchen/Preview Content\"";
				ENABLE_PREVIEWS = YES;
				GENERATE_INFOPLIST_FILE = YES;
				INFOPLIST_KEY_UIApplicationSceneManifest_Generation = YES;
				INFOPLIST_KEY_UIApplicationSupportsIndirectInputEvents = YES;
				INFOPLIST_KEY_UILaunchScreen_Generation = YES;
				INFOPLIST_KEY_UISupportedInterfaceOrientations = UIInterfaceOrientationPortrait;
				LD_RUNPATH_SEARCH_PATHS = (
					"$(inherited)",
					"@executable_path/Frameworks",
				);
				MARKETING_VERSION = 1.0;
				PRODUCT_BUNDLE_IDENTIFIER = freelance.CloudKitchen;
				PRODUCT_NAME = "$(TARGET_NAME)";
				SWIFT_EMIT_LOC_STRINGS = YES;
				SWIFT_VERSION = 5.0;
				TARGETED_DEVICE_FAMILY = "1,2";
			};
			name = Release;
		};
		EC7314C62C31AA840050B4A0 /* Debug */ = {
			isa = XCBuildConfiguration;
			buildSettings = {
				ALWAYS_EMBED_SWIFT_STANDARD_LIBRARIES = YES;
				BUNDLE_LOADER = "$(TEST_HOST)";
				CODE_SIGN_STYLE = Automatic;
				CURRENT_PROJECT_VERSION = 1;
				GENERATE_INFOPLIST_FILE = YES;
				INFOPLIST_FILE = CloudKitchenTests/Info.plist;
				IPHONEOS_DEPLOYMENT_TARGET = 17.4;
				MARKETING_VERSION = 1.0;
				PRODUCT_BUNDLE_IDENTIFIER = freelance.CloudKitchenTests;
				PRODUCT_NAME = "$(TARGET_NAME)";
				SWIFT_EMIT_LOC_STRINGS = NO;
				SWIFT_VERSION = 5.0;
				TARGETED_DEVICE_FAMILY = "1,2";
				TEST_HOST = "$(BUILT_PRODUCTS_DIR)/CloudKitchen.app/$(BUNDLE_EXECUTABLE_FOLDER_PATH)/CloudKitchen";
			};
			name = Debug;
		};
		EC7314C72C31AA840050B4A0 /* Release */ = {
			isa = XCBuildConfiguration;
			buildSettings = {
				ALWAYS_EMBED_SWIFT_STANDARD_LIBRARIES = YES;
				BUNDLE_LOADER = "$(TEST_HOST)";
				CODE_SIGN_STYLE = Automatic;
				CURRENT_PROJECT_VERSION = 1;
				GENERATE_INFOPLIST_FILE = YES;
				INFOPLIST_FILE = CloudKitchenTests/Info.plist;
				IPHONEOS_DEPLOYMENT_TARGET = 17.4;
				MARKETING_VERSION = 1.0;
				PRODUCT_BUNDLE_IDENTIFIER = freelance.CloudKitchenTests;
				PRODUCT_NAME = "$(TARGET_NAME)";
				SWIFT_EMIT_LOC_STRINGS = NO;
				SWIFT_VERSION = 5.0;
				TARGETED_DEVICE_FAMILY = "1,2";
				TEST_HOST = "$(BUILT_PRODUCTS_DIR)/CloudKitchen.app/$(BUNDLE_EXECUTABLE_FOLDER_PATH)/CloudKitchen";
			};
			name = Release;
		};
		EC7314C92C31AA840050B4A0 /* Debug */ = {
			isa = XCBuildConfiguration;
			buildSettings = {
				ALWAYS_EMBED_SWIFT_STANDARD_LIBRARIES = YES;
				CODE_SIGN_STYLE = Automatic;
				CURRENT_PROJECT_VERSION = 1;
				GENERATE_INFOPLIST_FILE = YES;
				MARKETING_VERSION = 1.0;
				PRODUCT_BUNDLE_IDENTIFIER = freelance.CloudKitchenUITests;
				PRODUCT_NAME = "$(TARGET_NAME)";
				SWIFT_EMIT_LOC_STRINGS = NO;
				SWIFT_VERSION = 5.0;
				TARGETED_DEVICE_FAMILY = "1,2";
				TEST_TARGET_NAME = CloudKitchen;
			};
			name = Debug;
		};
		EC7314CA2C31AA840050B4A0 /* Release */ = {
			isa = XCBuildConfiguration;
			buildSettings = {
				ALWAYS_EMBED_SWIFT_STANDARD_LIBRARIES = YES;
				CODE_SIGN_STYLE = Automatic;
				CURRENT_PROJECT_VERSION = 1;
				GENERATE_INFOPLIST_FILE = YES;
				MARKETING_VERSION = 1.0;
				PRODUCT_BUNDLE_IDENTIFIER = freelance.CloudKitchenUITests;
				PRODUCT_NAME = "$(TARGET_NAME)";
				SWIFT_EMIT_LOC_STRINGS = NO;
				SWIFT_VERSION = 5.0;
				TARGETED_DEVICE_FAMILY = "1,2";
				TEST_TARGET_NAME = CloudKitchen;
			};
			name = Release;
		};
/* End XCBuildConfiguration section */

/* Begin XCConfigurationList section */
		EC7314992C31AA820050B4A0 /* Build configuration list for PBXProject "CloudKitchen" */ = {
			isa = XCConfigurationList;
			buildConfigurations = (
				EC7314C02C31AA840050B4A0 /* Debug */,
				EC7314C12C31AA840050B4A0 /* Release */,
			);
			defaultConfigurationIsVisible = 0;
			defaultConfigurationName = Release;
		};
		EC7314C22C31AA840050B4A0 /* Build configuration list for PBXNativeTarget "CloudKitchen" */ = {
			isa = XCConfigurationList;
			buildConfigurations = (
				EC7314C32C31AA840050B4A0 /* Debug */,
				EC7314C42C31AA840050B4A0 /* Release */,
			);
			defaultConfigurationIsVisible = 0;
			defaultConfigurationName = Release;
		};
		EC7314C52C31AA840050B4A0 /* Build configuration list for PBXNativeTarget "CloudKitchenTests" */ = {
			isa = XCConfigurationList;
			buildConfigurations = (
				EC7314C62C31AA840050B4A0 /* Debug */,
				EC7314C72C31AA840050B4A0 /* Release */,
			);
			defaultConfigurationIsVisible = 0;
			defaultConfigurationName = Release;
		};
		EC7314C82C31AA840050B4A0 /* Build configuration list for PBXNativeTarget "CloudKitchenUITests" */ = {
			isa = XCConfigurationList;
			buildConfigurations = (
				EC7314C92C31AA840050B4A0 /* Debug */,
				EC7314CA2C31AA840050B4A0 /* Release */,
			);
			defaultConfigurationIsVisible = 0;
			defaultConfigurationName = Release;
		};
/* End XCConfigurationList section */

/* Begin XCRemoteSwiftPackageReference section */
		EC9813E22C3719A400E19F6D /* XCRemoteSwiftPackageReference "OtpView-SwiftUI" */ = {
			isa = XCRemoteSwiftPackageReference;
			repositoryURL = "https://github.com/kenagt/OtpView-SwiftUI";
			requirement = {
				kind = upToNextMajorVersion;
				minimumVersion = 1.0.3;
			};
		};
		EC9813EF2C38641500E19F6D /* XCRemoteSwiftPackageReference "AlertToast" */ = {
			isa = XCRemoteSwiftPackageReference;
			repositoryURL = "https://github.com/elai950/AlertToast";
			requirement = {
				kind = upToNextMajorVersion;
				minimumVersion = 1.3.9;
			};
		};
/* End XCRemoteSwiftPackageReference section */

/* Begin XCSwiftPackageProductDependency section */
		EC9813E42C371A3F00E19F6D /* OtpView-SwiftUI */ = {
			isa = XCSwiftPackageProductDependency;
			package = EC9813E22C3719A400E19F6D /* XCRemoteSwiftPackageReference "OtpView-SwiftUI" */;
			productName = "OtpView-SwiftUI";
		};
		EC9813F02C38641500E19F6D /* AlertToast */ = {
			isa = XCSwiftPackageProductDependency;
			package = EC9813EF2C38641500E19F6D /* XCRemoteSwiftPackageReference "AlertToast" */;
			productName = AlertToast;
		};
/* End XCSwiftPackageProductDependency section */
	};
	rootObject = EC7314962C31AA820050B4A0 /* Project object */;
}
