{
  "originHash" : "f9a6435b317466886107478af621db9dcf53570147ddc30f0f9dfc0cfe6abac7",
  "pins" : [
    {
      "identity" : "alerttoast",
      "kind" : "remoteSourceControl",
      "location" : "https://github.com/elai950/AlertToast",
      "state" : {
        "revision" : "b39252eacd159904afd7d718bba0afabb87f2f2f",
        "version" : "1.3.9"
      }
    },
    {
      "identity" : "otpview-swiftui",
      "kind" : "remoteSourceControl",
      "location" : "https://github.com/kenagt/OtpView-SwiftUI",
      "state" : {
        "revision" : "48e7cd0eb56a6548652ddc5ad284c509b63de3b2",
        "version" : "1.0.3"
      }
    },
    {
      "identity" : "radiobutton",
      "kind" : "remoteSourceControl",
      "location" : "https://github.com/lukluca/RadioButton",
      "state" : {
        "revision" : "c481cecb8133775210ba0487c57d1d9174e3aa6d",
        "version" : "1.2.0"
      }
    }
  ],
  "version" : 3
}
